
Microsoft Visual Studio Solution File, Format Version 9.00
# Visual C++ Express 2005
Project("{8BC9CEB8-8B4A-11D0-8D11-00A0C91BC942}") = "MT8952ASLR_XB18_00_FT_EWT", "MT8952ASLR_XB18_00_FT_EWT.vcproj", "{73571F61-A306-4E90-8F5A-4416366D63BE}"
EndProject
Global
	GlobalSection(SolutionConfigurationPlatforms) = preSolution
		Debug|Win32 = Debug|Win32
		Release|Win32 = Release|Win32
	EndGlobalSection
	GlobalSection(ProjectConfigurationPlatforms) = postSolution
		{73571F61-A306-4E90-8F5A-4416366D63BE}.Debug|Win32.ActiveCfg = Debug|Win32
		{73571F61-A306-4E90-8F5A-4416366D63BE}.Debug|Win32.Build.0 = Debug|Win32
		{73571F61-A306-4E90-8F5A-4416366D63BE}.Release|Win32.ActiveCfg = Release|Win32
		{73571F61-A306-4E90-8F5A-4416366D63BE}.Release|Win32.Build.0 = Release|Win32
	EndGlobalSection
	GlobalSection(SolutionProperties) = preSolution
		HideSolutionNode = FALSE
	EndGlobalSection
EndGlobal
